
Microsoft Visual Studio Solution File, Format Version 12.00
# Visual Studio Version 17
VisualStudioVersion = 17.0.31521.260
MinimumVisualStudioVersion = 10.0.40219.1
Project("{9A19103F-16F7-4668-BE54-9A1E7A4F7556}") = "MinimalApiDemo", "MinimalApiDemo\MinimalApiDemo.csproj", "{FC640443-0E14-4AD6-B147-184212A3E8C9}"
EndProject
Global
	GlobalSection(SolutionConfigurationPlatforms) = preSolution
		Debug|Any CPU = Debug|Any CPU
		Release|Any CPU = Release|Any CPU
	EndGlobalSection
	GlobalSection(ProjectConfigurationPlatforms) = postSolution
		{FC640443-0E14-4AD6-B147-184212A3E8C9}.Debug|Any CPU.ActiveCfg = Debug|Any CPU
		{FC640443-0E14-4AD6-B147-184212A3E8C9}.Debug|Any CPU.Build.0 = Debug|Any CPU
		{FC640443-0E14-4AD6-B147-184212A3E8C9}.Release|Any CPU.ActiveCfg = Release|Any CPU
		{FC640443-0E14-4AD6-B147-184212A3E8C9}.Release|Any CPU.Build.0 = Release|Any CPU
	EndGlobalSection
	GlobalSection(SolutionProperties) = preSolution
		HideSolutionNode = FALSE
	EndGlobalSection
	GlobalSection(ExtensibilityGlobals) = postSolution
		SolutionGuid = {66EF8C62-0371-46BF-858E-BC0BB99AC35C}
	EndGlobalSection
EndGlobal
